
Microsoft Visual Studio Solution File, Format Version 12.00
# Visual Studio Version 16
VisualStudioVersion = 16.0.30907.101
MinimumVisualStudioVersion = 10.0.40219.1
Project("{9A19103F-16F7-4668-BE54-9A1E7A4F7556}") = "WebApi", "WebApi\WebApi.csproj", "{1A9B9238-AC0C-4A1A-A159-C1D2F6CB78FC}"
EndProject
Project("{9A19103F-16F7-4668-BE54-9A1E7A4F7556}") = "SharedRepository", "SharedRepository\SharedRepository.csproj", "{50ECB6CD-4D96-49DB-84C0-171E9E4A5CB5}"
EndProject
Global
	GlobalSection(SolutionConfigurationPlatforms) = preSolution
		Debug|Any CPU = Debug|Any CPU
		Release|Any CPU = Release|Any CPU
	EndGlobalSection
	GlobalSection(ProjectConfigurationPlatforms) = postSolution
		{1A9B9238-AC0C-4A1A-A159-C1D2F6CB78FC}.Debug|Any CPU.ActiveCfg = Debug|Any CPU
		{1A9B9238-AC0C-4A1A-A159-C1D2F6CB78FC}.Debug|Any CPU.Build.0 = Debug|Any CPU
		{1A9B9238-AC0C-4A1A-A159-C1D2F6CB78FC}.Release|Any CPU.ActiveCfg = Release|Any CPU
		{1A9B9238-AC0C-4A1A-A159-C1D2F6CB78FC}.Release|Any CPU.Build.0 = Release|Any CPU
		{50ECB6CD-4D96-49DB-84C0-171E9E4A5CB5}.Debug|Any CPU.ActiveCfg = Debug|Any CPU
		{50ECB6CD-4D96-49DB-84C0-171E9E4A5CB5}.Debug|Any CPU.Build.0 = Debug|Any CPU
		{50ECB6CD-4D96-49DB-84C0-171E9E4A5CB5}.Release|Any CPU.ActiveCfg = Release|Any CPU
		{50ECB6CD-4D96-49DB-84C0-171E9E4A5CB5}.Release|Any CPU.Build.0 = Release|Any CPU
	EndGlobalSection
	GlobalSection(SolutionProperties) = preSolution
		HideSolutionNode = FALSE
	EndGlobalSection
	GlobalSection(ExtensibilityGlobals) = postSolution
		SolutionGuid = {4F39BA95-879C-447A-841B-D5C0C6730C9D}
	EndGlobalSection
EndGlobal
