
Microsoft Visual Studio Solution File, Format Version 12.00
# Visual Studio Version 16
VisualStudioVersion = 16.0.30907.101
MinimumVisualStudioVersion = 10.0.40219.1
Project("{FAE04EC0-301F-11D3-BF4B-00C04F79EFBC}") = "BlazorAppHosted.Server", "BlazorAppHosted\Server\BlazorAppHosted.Server.csproj", "{ECCD3A6B-F4A5-4038-ABA1-5411E1F5F01C}"
EndProject
Project("{FAE04EC0-301F-11D3-BF4B-00C04F79EFBC}") = "BlazorAppHosted.Client", "BlazorAppHosted\Client\BlazorAppHosted.Client.csproj", "{0F585B49-40FA-4DDC-BDDC-F3D3B2D457CD}"
EndProject
Project("{FAE04EC0-301F-11D3-BF4B-00C04F79EFBC}") = "BlazorAppHosted.Shared", "BlazorAppHosted\Shared\BlazorAppHosted.Shared.csproj", "{74F39AAD-5043-484F-AA03-634303101918}"
EndProject
Global
	GlobalSection(SolutionConfigurationPlatforms) = preSolution
		Debug|Any CPU = Debug|Any CPU
		Release|Any CPU = Release|Any CPU
	EndGlobalSection
	GlobalSection(ProjectConfigurationPlatforms) = postSolution
		{ECCD3A6B-F4A5-4038-ABA1-5411E1F5F01C}.Debug|Any CPU.ActiveCfg = Debug|Any CPU
		{ECCD3A6B-F4A5-4038-ABA1-5411E1F5F01C}.Debug|Any CPU.Build.0 = Debug|Any CPU
		{ECCD3A6B-F4A5-4038-ABA1-5411E1F5F01C}.Release|Any CPU.ActiveCfg = Release|Any CPU
		{ECCD3A6B-F4A5-4038-ABA1-5411E1F5F01C}.Release|Any CPU.Build.0 = Release|Any CPU
		{0F585B49-40FA-4DDC-BDDC-F3D3B2D457CD}.Debug|Any CPU.ActiveCfg = Debug|Any CPU
		{0F585B49-40FA-4DDC-BDDC-F3D3B2D457CD}.Debug|Any CPU.Build.0 = Debug|Any CPU
		{0F585B49-40FA-4DDC-BDDC-F3D3B2D457CD}.Release|Any CPU.ActiveCfg = Release|Any CPU
		{0F585B49-40FA-4DDC-BDDC-F3D3B2D457CD}.Release|Any CPU.Build.0 = Release|Any CPU
		{74F39AAD-5043-484F-AA03-634303101918}.Debug|Any CPU.ActiveCfg = Debug|Any CPU
		{74F39AAD-5043-484F-AA03-634303101918}.Debug|Any CPU.Build.0 = Debug|Any CPU
		{74F39AAD-5043-484F-AA03-634303101918}.Release|Any CPU.ActiveCfg = Release|Any CPU
		{74F39AAD-5043-484F-AA03-634303101918}.Release|Any CPU.Build.0 = Release|Any CPU
	EndGlobalSection
	GlobalSection(SolutionProperties) = preSolution
		HideSolutionNode = FALSE
	EndGlobalSection
	GlobalSection(ExtensibilityGlobals) = postSolution
		SolutionGuid = {B7F52E3C-788F-4E17-98E8-07C7C59C42D6}
	EndGlobalSection
EndGlobal
