
Microsoft Visual Studio Solution File, Format Version 12.00
# Visual Studio Version 16
VisualStudioVersion = 16.0.30907.101
MinimumVisualStudioVersion = 10.0.40219.1
Project("{FAE04EC0-301F-11D3-BF4B-00C04F79EFBC}") = "WebApi", "WebApi\WebApi.csproj", "{C64C2768-1C40-44D7-8C6A-D71025D2A5A7}"
EndProject
Project("{FAE04EC0-301F-11D3-BF4B-00C04F79EFBC}") = "BlazorApp", "BlazorApp\BlazorApp.csproj", "{08D4BA74-883F-4371-87A9-61BA73D33CB1}"
EndProject
Global
	GlobalSection(SolutionConfigurationPlatforms) = preSolution
		Debug|Any CPU = Debug|Any CPU
		Release|Any CPU = Release|Any CPU
	EndGlobalSection
	GlobalSection(ProjectConfigurationPlatforms) = postSolution
		{C64C2768-1C40-44D7-8C6A-D71025D2A5A7}.Debug|Any CPU.ActiveCfg = Debug|Any CPU
		{C64C2768-1C40-44D7-8C6A-D71025D2A5A7}.Debug|Any CPU.Build.0 = Debug|Any CPU
		{C64C2768-1C40-44D7-8C6A-D71025D2A5A7}.Release|Any CPU.ActiveCfg = Release|Any CPU
		{C64C2768-1C40-44D7-8C6A-D71025D2A5A7}.Release|Any CPU.Build.0 = Release|Any CPU
		{08D4BA74-883F-4371-87A9-61BA73D33CB1}.Debug|Any CPU.ActiveCfg = Debug|Any CPU
		{08D4BA74-883F-4371-87A9-61BA73D33CB1}.Debug|Any CPU.Build.0 = Debug|Any CPU
		{08D4BA74-883F-4371-87A9-61BA73D33CB1}.Release|Any CPU.ActiveCfg = Release|Any CPU
		{08D4BA74-883F-4371-87A9-61BA73D33CB1}.Release|Any CPU.Build.0 = Release|Any CPU
	EndGlobalSection
	GlobalSection(SolutionProperties) = preSolution
		HideSolutionNode = FALSE
	EndGlobalSection
	GlobalSection(ExtensibilityGlobals) = postSolution
		SolutionGuid = {1F87ABFA-FF5E-4E70-BB6E-0F0BC4146491}
	EndGlobalSection
EndGlobal
